
Microsoft Visual Studio Solution File, Format Version 12.00
# Visual Studio Version 17
VisualStudioVersion = 17.9.34723.18
MinimumVisualStudioVersion = 10.0.40219.1
Project("{9A19103F-16F7-4668-BE54-9A1E7A4F7556}") = "ConsoleTools.Tests", "ConsoleTools.Tests\ConsoleTools.Tests.csproj", "{54D61983-996F-436E-A265-01C616099367}"
EndProject
Project("{2150E333-8FDC-42A3-9474-1A3956D46DE8}") = "Demo.NetFramework", "Demo.NetFramework", "{2C2BFA30-8815-4269-AC92-DDE5589BD958}"
EndProject
Project("{FAE04EC0-301F-11D3-BF4B-00C04F79EFBC}") = "ConsoleTools.Demo.GuardDemo", "ConsoleTools.Demo.Guard\ConsoleTools.Demo.GuardDemo.csproj", "{64FBFC9E-C9A4-46C6-84ED-6A8A811ECFBC}"
EndProject
Project("{FAE04EC0-301F-11D3-BF4B-00C04F79EFBC}") = "ConsoleTools.Demo.HorizontalLineDemo", "ConsoleTools.Demo.HorizontalLineDemo\ConsoleTools.Demo.HorizontalLineDemo.csproj", "{42ABE719-CA05-421F-99BC-5F5D2D0C385B}"
EndProject
Project("{FAE04EC0-301F-11D3-BF4B-00C04F79EFBC}") = "ConsoleTools.Demo.InputControlsDemo", "ConsoleTools.Demo.InputControlsDemo\ConsoleTools.Demo.InputControlsDemo.csproj", "{61AA97AF-A87A-4EB2-AF78-CB4067C80704}"
EndProject
Project("{FAE04EC0-301F-11D3-BF4B-00C04F79EFBC}") = "ConsoleTools.Demo.Musical", "ConsoleTools.Demo.Musical\ConsoleTools.Demo.Musical.csproj", "{F4123F22-2503-4DDB-BF04-8CA87C3FACDA}"
EndProject
Project("{FAE04EC0-301F-11D3-BF4B-00C04F79EFBC}") = "ConsoleTools.Demo.PauseDemo", "ConsoleTools.Demo.PauseDemo\ConsoleTools.Demo.PauseDemo.csproj", "{5D585EE9-4B5C-4199-9F05-439B80F6B411}"
EndProject
Project("{FAE04EC0-301F-11D3-BF4B-00C04F79EFBC}") = "ConsoleTools.Demo.ProgressBarDemo", "ConsoleTools.Demo.ProgressBarDemo\ConsoleTools.Demo.ProgressBarDemo.csproj", "{099E13DC-313B-4901-9B75-0F400F8E94A3}"
EndProject
Project("{FAE04EC0-301F-11D3-BF4B-00C04F79EFBC}") = "ConsoleTools.Demo.PrompterDemo", "ConsoleTools.Demo.PrompterDemo\ConsoleTools.Demo.PrompterDemo.csproj", "{A76A253F-E01F-4E5B-80F0-DBBC8B257905}"
EndProject
Project("{FAE04EC0-301F-11D3-BF4B-00C04F79EFBC}") = "ConsoleTools.Demo.ScrollMenuDemo", "ConsoleTools.Demo.ScrollMenuDemo\ConsoleTools.Demo.ScrollMenuDemo.csproj", "{25D924E6-D62A-4F33-9CE4-2E09BA2A4FC2}"
EndProject
Project("{FAE04EC0-301F-11D3-BF4B-00C04F79EFBC}") = "ConsoleTools.Demo.SpinnerDemo", "ConsoleTools.Demo.SpinnerDemo\ConsoleTools.Demo.SpinnerDemo.csproj", "{47D36AC9-80A3-45C5-8DC4-DE804C21ABA9}"
EndProject
Project("{FAE04EC0-301F-11D3-BF4B-00C04F79EFBC}") = "ConsoleTools.Demo.TextBlockDemo", "ConsoleTools.Demo.TextBlockDemo\ConsoleTools.Demo.TextBlockDemo.csproj", "{6513994E-72C8-4C79-81FE-DB35FC190D10}"
EndProject
Project("{FAE04EC0-301F-11D3-BF4B-00C04F79EFBC}") = "ConsoleTools.Demo.TextMenuDemo", "ConsoleTools.Demo.TextMenuDemo\ConsoleTools.Demo.TextMenuDemo.csproj", "{03611F6A-F799-4A07-8288-41BD4BD21C1A}"
EndProject
Project("{FAE04EC0-301F-11D3-BF4B-00C04F79EFBC}") = "ConsoleTools.Demo.WriteText", "ConsoleTools.Demo.WriteText\ConsoleTools.Demo.WriteText.csproj", "{8DD165BA-78C3-48A0-BF61-9673458A260C}"
EndProject
Project("{9A19103F-16F7-4668-BE54-9A1E7A4F7556}") = "ConsoleTools.Cli", "ConsoleTools.Mvc\ConsoleTools.Cli.csproj", "{34D944CA-0276-4412-8387-58414E2F5631}"
EndProject
Project("{9A19103F-16F7-4668-BE54-9A1E7A4F7556}") = "ConsoleTools.Core", "ConsoleTools.Core\ConsoleTools.Core.csproj", "{975D695D-1FD2-446F-BD7C-0F7839C1559D}"
EndProject
Project("{9A19103F-16F7-4668-BE54-9A1E7A4F7556}") = "ConsoleTools.Controls", "ConsoleTools.Controls\ConsoleTools.Controls.csproj", "{94A81B0E-6565-4BA1-A6CD-D55E7847D5FB}"
EndProject
Project("{9A19103F-16F7-4668-BE54-9A1E7A4F7556}") = "ConsoleTools.Controls.Spinners", "ConsoleTools.Controls.Spinners\ConsoleTools.Controls.Spinners.csproj", "{3C2B6DD0-CF97-4EA7-8565-A338892C0643}"
EndProject
Project("{9A19103F-16F7-4668-BE54-9A1E7A4F7556}") = "ConsoleTools.Controls.Menus", "ConsoleTools.Controls.Menus\ConsoleTools.Controls.Menus.csproj", "{439C9C20-BE41-4AE1-83D0-13AF94114EDE}"
EndProject
Project("{9A19103F-16F7-4668-BE54-9A1E7A4F7556}") = "ConsoleTools.Demo.NetCore.PauseDemo", "ConsoleTools.Demo.NetCore.PauseDemo\ConsoleTools.Demo.NetCore.PauseDemo.csproj", "{1A139874-D3ED-48F0-8AAF-B6390BAF0A23}"
EndProject
Project("{2150E333-8FDC-42A3-9474-1A3956D46DE8}") = "Solution Items", "Solution Items", "{0119E5F4-08FC-4F5F-B5BB-B2CA46FDF37F}"
	ProjectSection(SolutionItems) = preProject
		AssemblyInfo.Shared.cs = AssemblyInfo.Shared.cs
		Directory.Build.props = Directory.Build.props
		LICENSE.txt = LICENSE.txt
		README.md = README.md
	EndProjectSection
EndProject
Project("{9A19103F-16F7-4668-BE54-9A1E7A4F7556}") = "ConsoleTools.Controls.Tables", "ConsoleTools.Controls.Tables\ConsoleTools.Controls.Tables.csproj", "{496B9723-31DD-4200-BA8A-437D20C6D004}"
EndProject
Project("{FAE04EC0-301F-11D3-BF4B-00C04F79EFBC}") = "ConsoleTools.Demo.TabularData", "ConsoleTools.Demo.TabularData\ConsoleTools.Demo.TabularData.csproj", "{9EC116AF-EF51-49F4-BDB1-921DD586C7CE}"
EndProject
Project("{9A19103F-16F7-4668-BE54-9A1E7A4F7556}") = "ConsoleTools.Demo.NetCore.ProgressBarDemo", "ConsoleTools.Demo.NetCore.ProgressBarDemo\ConsoleTools.Demo.NetCore.ProgressBarDemo.csproj", "{19C2ED8D-48C0-4CCB-A008-2F4B3F175A17}"
EndProject
Project("{2150E333-8FDC-42A3-9474-1A3956D46DE8}") = "Demo.NetCore", "Demo.NetCore", "{68EB131C-40B9-47CC-A96F-0C9F9871F0C6}"
EndProject
Global
	GlobalSection(SolutionConfigurationPlatforms) = preSolution
		Debug|Any CPU = Debug|Any CPU
		Debug-Net6|Any CPU = Debug-Net6|Any CPU
		Release|Any CPU = Release|Any CPU
		Release-Net452|Any CPU = Release-Net452|Any CPU
		Release-Net461|Any CPU = Release-Net461|Any CPU
	EndGlobalSection
	GlobalSection(ProjectConfigurationPlatforms) = postSolution
		{54D61983-996F-436E-A265-01C616099367}.Debug|Any CPU.ActiveCfg = Debug|Any CPU
		{54D61983-996F-436E-A265-01C616099367}.Debug|Any CPU.Build.0 = Debug|Any CPU
		{54D61983-996F-436E-A265-01C616099367}.Debug-Net6|Any CPU.ActiveCfg = Debug-Net6|Any CPU
		{54D61983-996F-436E-A265-01C616099367}.Debug-Net6|Any CPU.Build.0 = Debug-Net6|Any CPU
		{54D61983-996F-436E-A265-01C616099367}.Release|Any CPU.ActiveCfg = Release|Any CPU
		{54D61983-996F-436E-A265-01C616099367}.Release|Any CPU.Build.0 = Release|Any CPU
		{54D61983-996F-436E-A265-01C616099367}.Release-Net452|Any CPU.ActiveCfg = Release|Any CPU
		{54D61983-996F-436E-A265-01C616099367}.Release-Net452|Any CPU.Build.0 = Release|Any CPU
		{54D61983-996F-436E-A265-01C616099367}.Release-Net461|Any CPU.ActiveCfg = Release|Any CPU
		{54D61983-996F-436E-A265-01C616099367}.Release-Net461|Any CPU.Build.0 = Release|Any CPU
		{64FBFC9E-C9A4-46C6-84ED-6A8A811ECFBC}.Debug|Any CPU.ActiveCfg = Debug|Any CPU
		{64FBFC9E-C9A4-46C6-84ED-6A8A811ECFBC}.Debug|Any CPU.Build.0 = Debug|Any CPU
		{64FBFC9E-C9A4-46C6-84ED-6A8A811ECFBC}.Debug-Net6|Any CPU.ActiveCfg = Debug-Net6|Any CPU
		{64FBFC9E-C9A4-46C6-84ED-6A8A811ECFBC}.Release|Any CPU.ActiveCfg = Release|Any CPU
		{64FBFC9E-C9A4-46C6-84ED-6A8A811ECFBC}.Release|Any CPU.Build.0 = Release|Any CPU
		{64FBFC9E-C9A4-46C6-84ED-6A8A811ECFBC}.Release-Net452|Any CPU.ActiveCfg = Release-Net452|Any CPU
		{64FBFC9E-C9A4-46C6-84ED-6A8A811ECFBC}.Release-Net452|Any CPU.Build.0 = Release-Net452|Any CPU
		{64FBFC9E-C9A4-46C6-84ED-6A8A811ECFBC}.Release-Net461|Any CPU.ActiveCfg = Release-Net461|Any CPU
		{64FBFC9E-C9A4-46C6-84ED-6A8A811ECFBC}.Release-Net461|Any CPU.Build.0 = Release-Net461|Any CPU
		{42ABE719-CA05-421F-99BC-5F5D2D0C385B}.Debug|Any CPU.ActiveCfg = Debug|Any CPU
		{42ABE719-CA05-421F-99BC-5F5D2D0C385B}.Debug|Any CPU.Build.0 = Debug|Any CPU
		{42ABE719-CA05-421F-99BC-5F5D2D0C385B}.Debug-Net6|Any CPU.ActiveCfg = Debug-Net6|Any CPU
		{42ABE719-CA05-421F-99BC-5F5D2D0C385B}.Release|Any CPU.ActiveCfg = Release|Any CPU
		{42ABE719-CA05-421F-99BC-5F5D2D0C385B}.Release|Any CPU.Build.0 = Release|Any CPU
		{42ABE719-CA05-421F-99BC-5F5D2D0C385B}.Release-Net452|Any CPU.ActiveCfg = Release-Net452|Any CPU
		{42ABE719-CA05-421F-99BC-5F5D2D0C385B}.Release-Net452|Any CPU.Build.0 = Release-Net452|Any CPU
		{42ABE719-CA05-421F-99BC-5F5D2D0C385B}.Release-Net461|Any CPU.ActiveCfg = Release-Net461|Any CPU
		{42ABE719-CA05-421F-99BC-5F5D2D0C385B}.Release-Net461|Any CPU.Build.0 = Release-Net461|Any CPU
		{61AA97AF-A87A-4EB2-AF78-CB4067C80704}.Debug|Any CPU.ActiveCfg = Debug|Any CPU
		{61AA97AF-A87A-4EB2-AF78-CB4067C80704}.Debug|Any CPU.Build.0 = Debug|Any CPU
		{61AA97AF-A87A-4EB2-AF78-CB4067C80704}.Debug-Net6|Any CPU.ActiveCfg = Debug-Net6|Any CPU
		{61AA97AF-A87A-4EB2-AF78-CB4067C80704}.Release|Any CPU.ActiveCfg = Release|Any CPU
		{61AA97AF-A87A-4EB2-AF78-CB4067C80704}.Release|Any CPU.Build.0 = Release|Any CPU
		{61AA97AF-A87A-4EB2-AF78-CB4067C80704}.Release-Net452|Any CPU.ActiveCfg = Release-Net452|Any CPU
		{61AA97AF-A87A-4EB2-AF78-CB4067C80704}.Release-Net452|Any CPU.Build.0 = Release-Net452|Any CPU
		{61AA97AF-A87A-4EB2-AF78-CB4067C80704}.Release-Net461|Any CPU.ActiveCfg = Release-Net461|Any CPU
		{61AA97AF-A87A-4EB2-AF78-CB4067C80704}.Release-Net461|Any CPU.Build.0 = Release-Net461|Any CPU
		{F4123F22-2503-4DDB-BF04-8CA87C3FACDA}.Debug|Any CPU.ActiveCfg = Debug|Any CPU
		{F4123F22-2503-4DDB-BF04-8CA87C3FACDA}.Debug|Any CPU.Build.0 = Debug|Any CPU
		{F4123F22-2503-4DDB-BF04-8CA87C3FACDA}.Debug-Net6|Any CPU.ActiveCfg = Debug-Net6|Any CPU
		{F4123F22-2503-4DDB-BF04-8CA87C3FACDA}.Release|Any CPU.ActiveCfg = Release|Any CPU
		{F4123F22-2503-4DDB-BF04-8CA87C3FACDA}.Release|Any CPU.Build.0 = Release|Any CPU
		{F4123F22-2503-4DDB-BF04-8CA87C3FACDA}.Release-Net452|Any CPU.ActiveCfg = Release-Net452|Any CPU
		{F4123F22-2503-4DDB-BF04-8CA87C3FACDA}.Release-Net452|Any CPU.Build.0 = Release-Net452|Any CPU
		{F4123F22-2503-4DDB-BF04-8CA87C3FACDA}.Release-Net461|Any CPU.ActiveCfg = Release-Net461|Any CPU
		{F4123F22-2503-4DDB-BF04-8CA87C3FACDA}.Release-Net461|Any CPU.Build.0 = Release-Net461|Any CPU
		{5D585EE9-4B5C-4199-9F05-439B80F6B411}.Debug|Any CPU.ActiveCfg = Debug|Any CPU
		{5D585EE9-4B5C-4199-9F05-439B80F6B411}.Debug|Any CPU.Build.0 = Debug|Any CPU
		{5D585EE9-4B5C-4199-9F05-439B80F6B411}.Debug-Net6|Any CPU.ActiveCfg = Debug-Net6|Any CPU
		{5D585EE9-4B5C-4199-9F05-439B80F6B411}.Release|Any CPU.ActiveCfg = Release|Any CPU
		{5D585EE9-4B5C-4199-9F05-439B80F6B411}.Release|Any CPU.Build.0 = Release|Any CPU
		{5D585EE9-4B5C-4199-9F05-439B80F6B411}.Release-Net452|Any CPU.ActiveCfg = Release-Net452|Any CPU
		{5D585EE9-4B5C-4199-9F05-439B80F6B411}.Release-Net452|Any CPU.Build.0 = Release-Net452|Any CPU
		{5D585EE9-4B5C-4199-9F05-439B80F6B411}.Release-Net461|Any CPU.ActiveCfg = Release-Net461|Any CPU
		{5D585EE9-4B5C-4199-9F05-439B80F6B411}.Release-Net461|Any CPU.Build.0 = Release-Net461|Any CPU
		{099E13DC-313B-4901-9B75-0F400F8E94A3}.Debug|Any CPU.ActiveCfg = Debug|Any CPU
		{099E13DC-313B-4901-9B75-0F400F8E94A3}.Debug|Any CPU.Build.0 = Debug|Any CPU
		{099E13DC-313B-4901-9B75-0F400F8E94A3}.Debug-Net6|Any CPU.ActiveCfg = Debug-Net6|Any CPU
		{099E13DC-313B-4901-9B75-0F400F8E94A3}.Release|Any CPU.ActiveCfg = Release|Any CPU
		{099E13DC-313B-4901-9B75-0F400F8E94A3}.Release|Any CPU.Build.0 = Release|Any CPU
		{099E13DC-313B-4901-9B75-0F400F8E94A3}.Release-Net452|Any CPU.ActiveCfg = Release-Net452|Any CPU
		{099E13DC-313B-4901-9B75-0F400F8E94A3}.Release-Net452|Any CPU.Build.0 = Release-Net452|Any CPU
		{099E13DC-313B-4901-9B75-0F400F8E94A3}.Release-Net461|Any CPU.ActiveCfg = Release-Net461|Any CPU
		{099E13DC-313B-4901-9B75-0F400F8E94A3}.Release-Net461|Any CPU.Build.0 = Release-Net461|Any CPU
		{A76A253F-E01F-4E5B-80F0-DBBC8B257905}.Debug|Any CPU.ActiveCfg = Debug|Any CPU
		{A76A253F-E01F-4E5B-80F0-DBBC8B257905}.Debug|Any CPU.Build.0 = Debug|Any CPU
		{A76A253F-E01F-4E5B-80F0-DBBC8B257905}.Debug-Net6|Any CPU.ActiveCfg = Debug-Net6|Any CPU
		{A76A253F-E01F-4E5B-80F0-DBBC8B257905}.Release|Any CPU.ActiveCfg = Release|Any CPU
		{A76A253F-E01F-4E5B-80F0-DBBC8B257905}.Release|Any CPU.Build.0 = Release|Any CPU
		{A76A253F-E01F-4E5B-80F0-DBBC8B257905}.Release-Net452|Any CPU.ActiveCfg = Release-Net452|Any CPU
		{A76A253F-E01F-4E5B-80F0-DBBC8B257905}.Release-Net452|Any CPU.Build.0 = Release-Net452|Any CPU
		{A76A253F-E01F-4E5B-80F0-DBBC8B257905}.Release-Net461|Any CPU.ActiveCfg = Release-Net461|Any CPU
		{A76A253F-E01F-4E5B-80F0-DBBC8B257905}.Release-Net461|Any CPU.Build.0 = Release-Net461|Any CPU
		{25D924E6-D62A-4F33-9CE4-2E09BA2A4FC2}.Debug|Any CPU.ActiveCfg = Debug|Any CPU
		{25D924E6-D62A-4F33-9CE4-2E09BA2A4FC2}.Debug|Any CPU.Build.0 = Debug|Any CPU
		{25D924E6-D62A-4F33-9CE4-2E09BA2A4FC2}.Debug-Net6|Any CPU.ActiveCfg = Debug-Net6|Any CPU
		{25D924E6-D62A-4F33-9CE4-2E09BA2A4FC2}.Release|Any CPU.ActiveCfg = Release|Any CPU
		{25D924E6-D62A-4F33-9CE4-2E09BA2A4FC2}.Release|Any CPU.Build.0 = Release|Any CPU
		{25D924E6-D62A-4F33-9CE4-2E09BA2A4FC2}.Release-Net452|Any CPU.ActiveCfg = Release-Net452|Any CPU
		{25D924E6-D62A-4F33-9CE4-2E09BA2A4FC2}.Release-Net452|Any CPU.Build.0 = Release-Net452|Any CPU
		{25D924E6-D62A-4F33-9CE4-2E09BA2A4FC2}.Release-Net461|Any CPU.ActiveCfg = Release-Net461|Any CPU
		{25D924E6-D62A-4F33-9CE4-2E09BA2A4FC2}.Release-Net461|Any CPU.Build.0 = Release-Net461|Any CPU
		{47D36AC9-80A3-45C5-8DC4-DE804C21ABA9}.Debug|Any CPU.ActiveCfg = Debug|Any CPU
		{47D36AC9-80A3-45C5-8DC4-DE804C21ABA9}.Debug|Any CPU.Build.0 = Debug|Any CPU
		{47D36AC9-80A3-45C5-8DC4-DE804C21ABA9}.Debug-Net6|Any CPU.ActiveCfg = Debug-Net6|Any CPU
		{47D36AC9-80A3-45C5-8DC4-DE804C21ABA9}.Release|Any CPU.ActiveCfg = Release|Any CPU
		{47D36AC9-80A3-45C5-8DC4-DE804C21ABA9}.Release|Any CPU.Build.0 = Release|Any CPU
		{47D36AC9-80A3-45C5-8DC4-DE804C21ABA9}.Release-Net452|Any CPU.ActiveCfg = Release-Net452|Any CPU
		{47D36AC9-80A3-45C5-8DC4-DE804C21ABA9}.Release-Net452|Any CPU.Build.0 = Release-Net452|Any CPU
		{47D36AC9-80A3-45C5-8DC4-DE804C21ABA9}.Release-Net461|Any CPU.ActiveCfg = Release-Net461|Any CPU
		{47D36AC9-80A3-45C5-8DC4-DE804C21ABA9}.Release-Net461|Any CPU.Build.0 = Release-Net461|Any CPU
		{6513994E-72C8-4C79-81FE-DB35FC190D10}.Debug|Any CPU.ActiveCfg = Debug|Any CPU
		{6513994E-72C8-4C79-81FE-DB35FC190D10}.Debug|Any CPU.Build.0 = Debug|Any CPU
		{6513994E-72C8-4C79-81FE-DB35FC190D10}.Debug-Net6|Any CPU.ActiveCfg = Debug-Net6|Any CPU
		{6513994E-72C8-4C79-81FE-DB35FC190D10}.Release|Any CPU.ActiveCfg = Release|Any CPU
		{6513994E-72C8-4C79-81FE-DB35FC190D10}.Release|Any CPU.Build.0 = Release|Any CPU
		{6513994E-72C8-4C79-81FE-DB35FC190D10}.Release-Net452|Any CPU.ActiveCfg = Release-Net452|Any CPU
		{6513994E-72C8-4C79-81FE-DB35FC190D10}.Release-Net452|Any CPU.Build.0 = Release-Net452|Any CPU
		{6513994E-72C8-4C79-81FE-DB35FC190D10}.Release-Net461|Any CPU.ActiveCfg = Release-Net461|Any CPU
		{6513994E-72C8-4C79-81FE-DB35FC190D10}.Release-Net461|Any CPU.Build.0 = Release-Net461|Any CPU
		{03611F6A-F799-4A07-8288-41BD4BD21C1A}.Debug|Any CPU.ActiveCfg = Debug|Any CPU
		{03611F6A-F799-4A07-8288-41BD4BD21C1A}.Debug|Any CPU.Build.0 = Debug|Any CPU
		{03611F6A-F799-4A07-8288-41BD4BD21C1A}.Debug-Net6|Any CPU.ActiveCfg = Debug-Net6|Any CPU
		{03611F6A-F799-4A07-8288-41BD4BD21C1A}.Release|Any CPU.ActiveCfg = Release|Any CPU
		{03611F6A-F799-4A07-8288-41BD4BD21C1A}.Release|Any CPU.Build.0 = Release|Any CPU
		{03611F6A-F799-4A07-8288-41BD4BD21C1A}.Release-Net452|Any CPU.ActiveCfg = Release-Net452|Any CPU
		{03611F6A-F799-4A07-8288-41BD4BD21C1A}.Release-Net452|Any CPU.Build.0 = Release-Net452|Any CPU
		{03611F6A-F799-4A07-8288-41BD4BD21C1A}.Release-Net461|Any CPU.ActiveCfg = Release-Net461|Any CPU
		{03611F6A-F799-4A07-8288-41BD4BD21C1A}.Release-Net461|Any CPU.Build.0 = Release-Net461|Any CPU
		{8DD165BA-78C3-48A0-BF61-9673458A260C}.Debug|Any CPU.ActiveCfg = Debug|Any CPU
		{8DD165BA-78C3-48A0-BF61-9673458A260C}.Debug|Any CPU.Build.0 = Debug|Any CPU
		{8DD165BA-78C3-48A0-BF61-9673458A260C}.Debug-Net6|Any CPU.ActiveCfg = Debug-Net6|Any CPU
		{8DD165BA-78C3-48A0-BF61-9673458A260C}.Release|Any CPU.ActiveCfg = Release|Any CPU
		{8DD165BA-78C3-48A0-BF61-9673458A260C}.Release|Any CPU.Build.0 = Release|Any CPU
		{8DD165BA-78C3-48A0-BF61-9673458A260C}.Release-Net452|Any CPU.ActiveCfg = Release-Net452|Any CPU
		{8DD165BA-78C3-48A0-BF61-9673458A260C}.Release-Net452|Any CPU.Build.0 = Release-Net452|Any CPU
		{8DD165BA-78C3-48A0-BF61-9673458A260C}.Release-Net461|Any CPU.ActiveCfg = Release-Net461|Any CPU
		{8DD165BA-78C3-48A0-BF61-9673458A260C}.Release-Net461|Any CPU.Build.0 = Release-Net461|Any CPU
		{34D944CA-0276-4412-8387-58414E2F5631}.Debug|Any CPU.ActiveCfg = Debug|Any CPU
		{34D944CA-0276-4412-8387-58414E2F5631}.Debug|Any CPU.Build.0 = Debug|Any CPU
		{34D944CA-0276-4412-8387-58414E2F5631}.Debug-Net6|Any CPU.ActiveCfg = Debug-Net6|Any CPU
		{34D944CA-0276-4412-8387-58414E2F5631}.Debug-Net6|Any CPU.Build.0 = Debug-Net6|Any CPU
		{34D944CA-0276-4412-8387-58414E2F5631}.Release|Any CPU.ActiveCfg = Release|Any CPU
		{34D944CA-0276-4412-8387-58414E2F5631}.Release|Any CPU.Build.0 = Release|Any CPU
		{34D944CA-0276-4412-8387-58414E2F5631}.Release-Net452|Any CPU.ActiveCfg = Release|Any CPU
		{34D944CA-0276-4412-8387-58414E2F5631}.Release-Net452|Any CPU.Build.0 = Release|Any CPU
		{34D944CA-0276-4412-8387-58414E2F5631}.Release-Net461|Any CPU.ActiveCfg = Release|Any CPU
		{34D944CA-0276-4412-8387-58414E2F5631}.Release-Net461|Any CPU.Build.0 = Release|Any CPU
		{975D695D-1FD2-446F-BD7C-0F7839C1559D}.Debug|Any CPU.ActiveCfg = Debug|Any CPU
		{975D695D-1FD2-446F-BD7C-0F7839C1559D}.Debug|Any CPU.Build.0 = Debug|Any CPU
		{975D695D-1FD2-446F-BD7C-0F7839C1559D}.Debug-Net6|Any CPU.ActiveCfg = Debug-Net6|Any CPU
		{975D695D-1FD2-446F-BD7C-0F7839C1559D}.Debug-Net6|Any CPU.Build.0 = Debug-Net6|Any CPU
		{975D695D-1FD2-446F-BD7C-0F7839C1559D}.Release|Any CPU.ActiveCfg = Release|Any CPU
		{975D695D-1FD2-446F-BD7C-0F7839C1559D}.Release|Any CPU.Build.0 = Release|Any CPU
		{975D695D-1FD2-446F-BD7C-0F7839C1559D}.Release-Net452|Any CPU.ActiveCfg = Release|Any CPU
		{975D695D-1FD2-446F-BD7C-0F7839C1559D}.Release-Net452|Any CPU.Build.0 = Release|Any CPU
		{975D695D-1FD2-446F-BD7C-0F7839C1559D}.Release-Net461|Any CPU.ActiveCfg = Release|Any CPU
		{975D695D-1FD2-446F-BD7C-0F7839C1559D}.Release-Net461|Any CPU.Build.0 = Release|Any CPU
		{94A81B0E-6565-4BA1-A6CD-D55E7847D5FB}.Debug|Any CPU.ActiveCfg = Debug|Any CPU
		{94A81B0E-6565-4BA1-A6CD-D55E7847D5FB}.Debug|Any CPU.Build.0 = Debug|Any CPU
		{94A81B0E-6565-4BA1-A6CD-D55E7847D5FB}.Debug-Net6|Any CPU.ActiveCfg = Debug-Net6|Any CPU
		{94A81B0E-6565-4BA1-A6CD-D55E7847D5FB}.Debug-Net6|Any CPU.Build.0 = Debug-Net6|Any CPU
		{94A81B0E-6565-4BA1-A6CD-D55E7847D5FB}.Release|Any CPU.ActiveCfg = Release|Any CPU
		{94A81B0E-6565-4BA1-A6CD-D55E7847D5FB}.Release|Any CPU.Build.0 = Release|Any CPU
		{94A81B0E-6565-4BA1-A6CD-D55E7847D5FB}.Release-Net452|Any CPU.ActiveCfg = Release|Any CPU
		{94A81B0E-6565-4BA1-A6CD-D55E7847D5FB}.Release-Net452|Any CPU.Build.0 = Release|Any CPU
		{94A81B0E-6565-4BA1-A6CD-D55E7847D5FB}.Release-Net461|Any CPU.ActiveCfg = Release|Any CPU
		{94A81B0E-6565-4BA1-A6CD-D55E7847D5FB}.Release-Net461|Any CPU.Build.0 = Release|Any CPU
		{3C2B6DD0-CF97-4EA7-8565-A338892C0643}.Debug|Any CPU.ActiveCfg = Debug|Any CPU
		{3C2B6DD0-CF97-4EA7-8565-A338892C0643}.Debug|Any CPU.Build.0 = Debug|Any CPU
		{3C2B6DD0-CF97-4EA7-8565-A338892C0643}.Debug-Net6|Any CPU.ActiveCfg = Debug-Net6|Any CPU
		{3C2B6DD0-CF97-4EA7-8565-A338892C0643}.Debug-Net6|Any CPU.Build.0 = Debug-Net6|Any CPU
		{3C2B6DD0-CF97-4EA7-8565-A338892C0643}.Release|Any CPU.ActiveCfg = Release|Any CPU
		{3C2B6DD0-CF97-4EA7-8565-A338892C0643}.Release|Any CPU.Build.0 = Release|Any CPU
		{3C2B6DD0-CF97-4EA7-8565-A338892C0643}.Release-Net452|Any CPU.ActiveCfg = Release|Any CPU
		{3C2B6DD0-CF97-4EA7-8565-A338892C0643}.Release-Net452|Any CPU.Build.0 = Release|Any CPU
		{3C2B6DD0-CF97-4EA7-8565-A338892C0643}.Release-Net461|Any CPU.ActiveCfg = Release|Any CPU
		{3C2B6DD0-CF97-4EA7-8565-A338892C0643}.Release-Net461|Any CPU.Build.0 = Release|Any CPU
		{439C9C20-BE41-4AE1-83D0-13AF94114EDE}.Debug|Any CPU.ActiveCfg = Debug|Any CPU
		{439C9C20-BE41-4AE1-83D0-13AF94114EDE}.Debug|Any CPU.Build.0 = Debug|Any CPU
		{439C9C20-BE41-4AE1-83D0-13AF94114EDE}.Debug-Net6|Any CPU.ActiveCfg = Debug-Net6|Any CPU
		{439C9C20-BE41-4AE1-83D0-13AF94114EDE}.Debug-Net6|Any CPU.Build.0 = Debug-Net6|Any CPU
		{439C9C20-BE41-4AE1-83D0-13AF94114EDE}.Release|Any CPU.ActiveCfg = Release|Any CPU
		{439C9C20-BE41-4AE1-83D0-13AF94114EDE}.Release|Any CPU.Build.0 = Release|Any CPU
		{439C9C20-BE41-4AE1-83D0-13AF94114EDE}.Release-Net452|Any CPU.ActiveCfg = Release|Any CPU
		{439C9C20-BE41-4AE1-83D0-13AF94114EDE}.Release-Net452|Any CPU.Build.0 = Release|Any CPU
		{439C9C20-BE41-4AE1-83D0-13AF94114EDE}.Release-Net461|Any CPU.ActiveCfg = Release|Any CPU
		{439C9C20-BE41-4AE1-83D0-13AF94114EDE}.Release-Net461|Any CPU.Build.0 = Release|Any CPU
		{1A139874-D3ED-48F0-8AAF-B6390BAF0A23}.Debug|Any CPU.ActiveCfg = Debug|Any CPU
		{1A139874-D3ED-48F0-8AAF-B6390BAF0A23}.Debug|Any CPU.Build.0 = Debug|Any CPU
		{1A139874-D3ED-48F0-8AAF-B6390BAF0A23}.Debug-Net6|Any CPU.ActiveCfg = Debug-Net6|Any CPU
		{1A139874-D3ED-48F0-8AAF-B6390BAF0A23}.Debug-Net6|Any CPU.Build.0 = Debug-Net6|Any CPU
		{1A139874-D3ED-48F0-8AAF-B6390BAF0A23}.Release|Any CPU.ActiveCfg = Release|Any CPU
		{1A139874-D3ED-48F0-8AAF-B6390BAF0A23}.Release|Any CPU.Build.0 = Release|Any CPU
		{1A139874-D3ED-48F0-8AAF-B6390BAF0A23}.Release-Net452|Any CPU.ActiveCfg = Release|Any CPU
		{1A139874-D3ED-48F0-8AAF-B6390BAF0A23}.Release-Net452|Any CPU.Build.0 = Release|Any CPU
		{1A139874-D3ED-48F0-8AAF-B6390BAF0A23}.Release-Net461|Any CPU.ActiveCfg = Release|Any CPU
		{1A139874-D3ED-48F0-8AAF-B6390BAF0A23}.Release-Net461|Any CPU.Build.0 = Release|Any CPU
		{496B9723-31DD-4200-BA8A-437D20C6D004}.Debug|Any CPU.ActiveCfg = Debug|Any CPU
		{496B9723-31DD-4200-BA8A-437D20C6D004}.Debug|Any CPU.Build.0 = Debug|Any CPU
		{496B9723-31DD-4200-BA8A-437D20C6D004}.Debug-Net6|Any CPU.ActiveCfg = Debug-Net6|Any CPU
		{496B9723-31DD-4200-BA8A-437D20C6D004}.Debug-Net6|Any CPU.Build.0 = Debug-Net6|Any CPU
		{496B9723-31DD-4200-BA8A-437D20C6D004}.Release|Any CPU.ActiveCfg = Release|Any CPU
		{496B9723-31DD-4200-BA8A-437D20C6D004}.Release|Any CPU.Build.0 = Release|Any CPU
		{496B9723-31DD-4200-BA8A-437D20C6D004}.Release-Net452|Any CPU.ActiveCfg = Release|Any CPU
		{496B9723-31DD-4200-BA8A-437D20C6D004}.Release-Net452|Any CPU.Build.0 = Release|Any CPU
		{496B9723-31DD-4200-BA8A-437D20C6D004}.Release-Net461|Any CPU.ActiveCfg = Release|Any CPU
		{496B9723-31DD-4200-BA8A-437D20C6D004}.Release-Net461|Any CPU.Build.0 = Release|Any CPU
		{9EC116AF-EF51-49F4-BDB1-921DD586C7CE}.Debug|Any CPU.ActiveCfg = Debug|Any CPU
		{9EC116AF-EF51-49F4-BDB1-921DD586C7CE}.Debug|Any CPU.Build.0 = Debug|Any CPU
		{9EC116AF-EF51-49F4-BDB1-921DD586C7CE}.Debug-Net6|Any CPU.ActiveCfg = Debug-Net6|Any CPU
		{9EC116AF-EF51-49F4-BDB1-921DD586C7CE}.Release|Any CPU.ActiveCfg = Release|Any CPU
		{9EC116AF-EF51-49F4-BDB1-921DD586C7CE}.Release|Any CPU.Build.0 = Release|Any CPU
		{9EC116AF-EF51-49F4-BDB1-921DD586C7CE}.Release-Net452|Any CPU.ActiveCfg = Release-Net452|Any CPU
		{9EC116AF-EF51-49F4-BDB1-921DD586C7CE}.Release-Net452|Any CPU.Build.0 = Release-Net452|Any CPU
		{9EC116AF-EF51-49F4-BDB1-921DD586C7CE}.Release-Net461|Any CPU.ActiveCfg = Release-Net461|Any CPU
		{9EC116AF-EF51-49F4-BDB1-921DD586C7CE}.Release-Net461|Any CPU.Build.0 = Release-Net461|Any CPU
		{19C2ED8D-48C0-4CCB-A008-2F4B3F175A17}.Debug|Any CPU.ActiveCfg = Debug|Any CPU
		{19C2ED8D-48C0-4CCB-A008-2F4B3F175A17}.Debug|Any CPU.Build.0 = Debug|Any CPU
		{19C2ED8D-48C0-4CCB-A008-2F4B3F175A17}.Debug-Net6|Any CPU.ActiveCfg = Debug-Net6|Any CPU
		{19C2ED8D-48C0-4CCB-A008-2F4B3F175A17}.Debug-Net6|Any CPU.Build.0 = Debug-Net6|Any CPU
		{19C2ED8D-48C0-4CCB-A008-2F4B3F175A17}.Release|Any CPU.ActiveCfg = Release|Any CPU
		{19C2ED8D-48C0-4CCB-A008-2F4B3F175A17}.Release|Any CPU.Build.0 = Release|Any CPU
		{19C2ED8D-48C0-4CCB-A008-2F4B3F175A17}.Release-Net452|Any CPU.ActiveCfg = Debug|Any CPU
		{19C2ED8D-48C0-4CCB-A008-2F4B3F175A17}.Release-Net452|Any CPU.Build.0 = Debug|Any CPU
		{19C2ED8D-48C0-4CCB-A008-2F4B3F175A17}.Release-Net461|Any CPU.ActiveCfg = Debug|Any CPU
		{19C2ED8D-48C0-4CCB-A008-2F4B3F175A17}.Release-Net461|Any CPU.Build.0 = Debug|Any CPU
	EndGlobalSection
	GlobalSection(SolutionProperties) = preSolution
		HideSolutionNode = FALSE
	EndGlobalSection
	GlobalSection(NestedProjects) = preSolution
		{64FBFC9E-C9A4-46C6-84ED-6A8A811ECFBC} = {2C2BFA30-8815-4269-AC92-DDE5589BD958}
		{42ABE719-CA05-421F-99BC-5F5D2D0C385B} = {2C2BFA30-8815-4269-AC92-DDE5589BD958}
		{61AA97AF-A87A-4EB2-AF78-CB4067C80704} = {2C2BFA30-8815-4269-AC92-DDE5589BD958}
		{F4123F22-2503-4DDB-BF04-8CA87C3FACDA} = {2C2BFA30-8815-4269-AC92-DDE5589BD958}
		{5D585EE9-4B5C-4199-9F05-439B80F6B411} = {2C2BFA30-8815-4269-AC92-DDE5589BD958}
		{099E13DC-313B-4901-9B75-0F400F8E94A3} = {2C2BFA30-8815-4269-AC92-DDE5589BD958}
		{A76A253F-E01F-4E5B-80F0-DBBC8B257905} = {2C2BFA30-8815-4269-AC92-DDE5589BD958}
		{25D924E6-D62A-4F33-9CE4-2E09BA2A4FC2} = {2C2BFA30-8815-4269-AC92-DDE5589BD958}
		{47D36AC9-80A3-45C5-8DC4-DE804C21ABA9} = {2C2BFA30-8815-4269-AC92-DDE5589BD958}
		{6513994E-72C8-4C79-81FE-DB35FC190D10} = {2C2BFA30-8815-4269-AC92-DDE5589BD958}
		{03611F6A-F799-4A07-8288-41BD4BD21C1A} = {2C2BFA30-8815-4269-AC92-DDE5589BD958}
		{8DD165BA-78C3-48A0-BF61-9673458A260C} = {2C2BFA30-8815-4269-AC92-DDE5589BD958}
		{1A139874-D3ED-48F0-8AAF-B6390BAF0A23} = {68EB131C-40B9-47CC-A96F-0C9F9871F0C6}
		{9EC116AF-EF51-49F4-BDB1-921DD586C7CE} = {2C2BFA30-8815-4269-AC92-DDE5589BD958}
		{19C2ED8D-48C0-4CCB-A008-2F4B3F175A17} = {68EB131C-40B9-47CC-A96F-0C9F9871F0C6}
	EndGlobalSection
	GlobalSection(ExtensibilityGlobals) = postSolution
		SolutionGuid = {369B843F-38E3-4477-A766-F70718E83926}
	EndGlobalSection
EndGlobal
