
Microsoft Visual Studio Solution File, Format Version 12.00
# Visual Studio Version 16
VisualStudioVersion = 16.0.29709.97
MinimumVisualStudioVersion = 10.0.40219.1
Project("{9A19103F-16F7-4668-BE54-9A1E7A4F7556}") = "ConsoleTools.Tests", "ConsoleTools.Tests\ConsoleTools.Tests.csproj", "{54D61983-996F-436E-A265-01C616099367}"
EndProject
Project("{2150E333-8FDC-42A3-9474-1A3956D46DE8}") = "Demo", "Demo", "{2C2BFA30-8815-4269-AC92-DDE5589BD958}"
EndProject
Project("{FAE04EC0-301F-11D3-BF4B-00C04F79EFBC}") = "ConsoleTools.Demo.InputControlsDemo", "ConsoleTools.Demo.InputControlsDemo\ConsoleTools.Demo.InputControlsDemo.csproj", "{61AA97AF-A87A-4EB2-AF78-CB4067C80704}"
EndProject
Project("{FAE04EC0-301F-11D3-BF4B-00C04F79EFBC}") = "ConsoleTools.Demo.ScrollMenuDemo", "ConsoleTools.Demo.ScrollMenuDemo\ConsoleTools.Demo.ScrollMenuDemo.csproj", "{25D924E6-D62A-4F33-9CE4-2E09BA2A4FC2}"
EndProject
Project("{FAE04EC0-301F-11D3-BF4B-00C04F79EFBC}") = "ConsoleTools.Demo.SimpleTextDemo", "ConsoleTools.Demo.WriteText\ConsoleTools.Demo.SimpleTextDemo.csproj", "{8DD165BA-78C3-48A0-BF61-9673458A260C}"
EndProject
Project("{9A19103F-16F7-4668-BE54-9A1E7A4F7556}") = "ConsoleTools.Cli", "ConsoleTools.Mvc\ConsoleTools.Cli.csproj", "{34D944CA-0276-4412-8387-58414E2F5631}"
EndProject
Project("{9A19103F-16F7-4668-BE54-9A1E7A4F7556}") = "ConsoleTools.Core", "ConsoleTools.Core\ConsoleTools.Core.csproj", "{975D695D-1FD2-446F-BD7C-0F7839C1559D}"
EndProject
Project("{9A19103F-16F7-4668-BE54-9A1E7A4F7556}") = "ConsoleTools.Controls", "ConsoleTools.Controls\ConsoleTools.Controls.csproj", "{94A81B0E-6565-4BA1-A6CD-D55E7847D5FB}"
EndProject
Project("{9A19103F-16F7-4668-BE54-9A1E7A4F7556}") = "ConsoleTools.Controls.Spinners", "ConsoleTools.Controls.Spinners\ConsoleTools.Controls.Spinners.csproj", "{3C2B6DD0-CF97-4EA7-8565-A338892C0643}"
EndProject
Project("{9A19103F-16F7-4668-BE54-9A1E7A4F7556}") = "ConsoleTools.Controls.Menus", "ConsoleTools.Controls.Menus\ConsoleTools.Controls.Menus.csproj", "{439C9C20-BE41-4AE1-83D0-13AF94114EDE}"
EndProject
Project("{9A19103F-16F7-4668-BE54-9A1E7A4F7556}") = "ConsoleTools.Demo.PauseDemo", "ConsoleTools.Demo.PauseDemo\ConsoleTools.Demo.PauseDemo.csproj", "{1A139874-D3ED-48F0-8AAF-B6390BAF0A23}"
EndProject
Project("{2150E333-8FDC-42A3-9474-1A3956D46DE8}") = "Solution Items", "Solution Items", "{0119E5F4-08FC-4F5F-B5BB-B2CA46FDF37F}"
	ProjectSection(SolutionItems) = preProject
		AssemblyInfo.Shared.cs = AssemblyInfo.Shared.cs
		DemoPublish.targets = DemoPublish.targets
		Directory.Build.props = Directory.Build.props
		LICENSE.txt = LICENSE.txt
		README.md = README.md
	EndProjectSection
EndProject
Project("{9A19103F-16F7-4668-BE54-9A1E7A4F7556}") = "ConsoleTools.Controls.Tables", "ConsoleTools.Controls.Tables\ConsoleTools.Controls.Tables.csproj", "{496B9723-31DD-4200-BA8A-437D20C6D004}"
EndProject
Project("{9A19103F-16F7-4668-BE54-9A1E7A4F7556}") = "ConsoleTools.Demo.HorizontalLineDemo", "ConsoleTools.Demo.HorizontalLineDemo\ConsoleTools.Demo.HorizontalLineDemo.csproj", "{02A350A4-438C-4E8D-89D4-908825799EA5}"
EndProject
Project("{9A19103F-16F7-4668-BE54-9A1E7A4F7556}") = "ConsoleTools.Demo.TextBlockDemo", "ConsoleTools.Demo.TextBlockDemo\ConsoleTools.Demo.TextBlockDemo.csproj", "{B2A64D01-93BD-4140-9744-12546BE61CE1}"
EndProject
Project("{9A19103F-16F7-4668-BE54-9A1E7A4F7556}") = "ConsoleTools.Demo.NetCore", "ConsoleTools.Demo.NetCore\ConsoleTools.Demo.NetCore.csproj", "{8710AB78-0F6B-40D4-9494-EE38CB6C5B0A}"
	ProjectSection(ProjectDependencies) = postProject
		{DCD5E402-9198-4AD5-8590-6F7F62794697} = {DCD5E402-9198-4AD5-8590-6F7F62794697}
		{C1FF753C-41E2-4D68-A08C-687DC2365387} = {C1FF753C-41E2-4D68-A08C-687DC2365387}
		{A76A253F-E01F-4E5B-80F0-DBBC8B257905} = {A76A253F-E01F-4E5B-80F0-DBBC8B257905}
		{1A139874-D3ED-48F0-8AAF-B6390BAF0A23} = {1A139874-D3ED-48F0-8AAF-B6390BAF0A23}
		{64FBFC9E-C9A4-46C6-84ED-6A8A811ECFBC} = {64FBFC9E-C9A4-46C6-84ED-6A8A811ECFBC}
		{02A350A4-438C-4E8D-89D4-908825799EA5} = {02A350A4-438C-4E8D-89D4-908825799EA5}
		{61AA97AF-A87A-4EB2-AF78-CB4067C80704} = {61AA97AF-A87A-4EB2-AF78-CB4067C80704}
		{9A999DB7-1B31-4315-A597-3C75479BCD27} = {9A999DB7-1B31-4315-A597-3C75479BCD27}
		{18E651B9-716A-42CB-AB83-58085F1B4B33} = {18E651B9-716A-42CB-AB83-58085F1B4B33}
		{8DD165BA-78C3-48A0-BF61-9673458A260C} = {8DD165BA-78C3-48A0-BF61-9673458A260C}
		{E3D293D2-FEF0-44CB-9CAF-D7981FFA9FE9} = {E3D293D2-FEF0-44CB-9CAF-D7981FFA9FE9}
		{9B945FDE-E519-4822-8D74-E2C54DFEA731} = {9B945FDE-E519-4822-8D74-E2C54DFEA731}
		{25D924E6-D62A-4F33-9CE4-2E09BA2A4FC2} = {25D924E6-D62A-4F33-9CE4-2E09BA2A4FC2}
	EndProjectSection
EndProject
Project("{9A19103F-16F7-4668-BE54-9A1E7A4F7556}") = "ConsoleTools.Demo.MusicalDemo", "ConsoleTools.Demo.MusicalDemo\ConsoleTools.Demo.MusicalDemo.csproj", "{C1FF753C-41E2-4D68-A08C-687DC2365387}"
EndProject
Project("{9A19103F-16F7-4668-BE54-9A1E7A4F7556}") = "ConsoleTools.Demo.Core", "ConsoleTools.Demo.Core\ConsoleTools.Demo.Core.csproj", "{A56AF2CB-9DA7-4A69-9B8C-D72E36ED797C}"
EndProject
Project("{9A19103F-16F7-4668-BE54-9A1E7A4F7556}") = "ConsoleTools.Demo.BorderDemo", "ConsoleTools.Demo.BorderDemo\ConsoleTools.Demo.BorderDemo.csproj", "{9A999DB7-1B31-4315-A597-3C75479BCD27}"
EndProject
Project("{FAE04EC0-301F-11D3-BF4B-00C04F79EFBC}") = "ConsoleTools.Demo.NetFramework", "ConsoleTools.Demo.NetFramework\ConsoleTools.Demo.NetFramework.csproj", "{DF9B572F-6325-474B-8E54-010B65FEE22C}"
	ProjectSection(ProjectDependencies) = postProject
		{DCD5E402-9198-4AD5-8590-6F7F62794697} = {DCD5E402-9198-4AD5-8590-6F7F62794697}
		{A76A253F-E01F-4E5B-80F0-DBBC8B257905} = {A76A253F-E01F-4E5B-80F0-DBBC8B257905}
		{1A139874-D3ED-48F0-8AAF-B6390BAF0A23} = {1A139874-D3ED-48F0-8AAF-B6390BAF0A23}
		{64FBFC9E-C9A4-46C6-84ED-6A8A811ECFBC} = {64FBFC9E-C9A4-46C6-84ED-6A8A811ECFBC}
		{02A350A4-438C-4E8D-89D4-908825799EA5} = {02A350A4-438C-4E8D-89D4-908825799EA5}
		{61AA97AF-A87A-4EB2-AF78-CB4067C80704} = {61AA97AF-A87A-4EB2-AF78-CB4067C80704}
		{18E651B9-716A-42CB-AB83-58085F1B4B33} = {18E651B9-716A-42CB-AB83-58085F1B4B33}
		{8DD165BA-78C3-48A0-BF61-9673458A260C} = {8DD165BA-78C3-48A0-BF61-9673458A260C}
		{E3D293D2-FEF0-44CB-9CAF-D7981FFA9FE9} = {E3D293D2-FEF0-44CB-9CAF-D7981FFA9FE9}
		{9B945FDE-E519-4822-8D74-E2C54DFEA731} = {9B945FDE-E519-4822-8D74-E2C54DFEA731}
		{25D924E6-D62A-4F33-9CE4-2E09BA2A4FC2} = {25D924E6-D62A-4F33-9CE4-2E09BA2A4FC2}
	EndProjectSection
EndProject
Project("{2150E333-8FDC-42A3-9474-1A3956D46DE8}") = "DemoPackages", "DemoPackages", "{D30B53B7-FB6B-40C3-8E15-BED0B1B8FFE9}"
EndProject
Project("{9A19103F-16F7-4668-BE54-9A1E7A4F7556}") = "ConsoleTools.Demo.SpinnerDemo", "ConsoleTools.Demo.SpinnerDemo\ConsoleTools.Demo.SpinnerDemo.csproj", "{18E651B9-716A-42CB-AB83-58085F1B4B33}"
EndProject
Project("{9A19103F-16F7-4668-BE54-9A1E7A4F7556}") = "ConsoleTools.Demo.DataGridDemo", "ConsoleTools.Demo.DataGridDemo\ConsoleTools.Demo.DataGridDemo.csproj", "{9B945FDE-E519-4822-8D74-E2C54DFEA731}"
EndProject
Project("{9A19103F-16F7-4668-BE54-9A1E7A4F7556}") = "ConsoleTools.Demo.TextMenuDemo", "ConsoleTools.Demo.TextMenuDemo\ConsoleTools.Demo.TextMenuDemo.csproj", "{DCD5E402-9198-4AD5-8590-6F7F62794697}"
EndProject
Project("{FAE04EC0-301F-11D3-BF4B-00C04F79EFBC}") = "ConsoleTools.Demo.GuardDemo", "ConsoleTools.Demo.GuardDemo\ConsoleTools.Demo.GuardDemo.csproj", "{64FBFC9E-C9A4-46C6-84ED-6A8A811ECFBC}"
EndProject
Project("{9A19103F-16F7-4668-BE54-9A1E7A4F7556}") = "ConsoleTools.Demo.ProgressBarDemo", "ConsoleTools.Demo.ProgressBarDemo\ConsoleTools.Demo.ProgressBarDemo.csproj", "{19F4732D-C007-4050-A754-8164A31C6F73}"
EndProject
Project("{FAE04EC0-301F-11D3-BF4B-00C04F79EFBC}") = "ConsoleTools.Demo.PrompterDemo", "ConsoleTools.Demo.PrompterDemo\ConsoleTools.Demo.PrompterDemo.csproj", "{A76A253F-E01F-4E5B-80F0-DBBC8B257905}"
EndProject
Project("{FAE04EC0-301F-11D3-BF4B-00C04F79EFBC}") = "ConsoleTools.Demo.YesNoDemo", "ConsoleTools.Demo.YesNoDemo\ConsoleTools.Demo.YesNoDemo.csproj", "{E3D293D2-FEF0-44CB-9CAF-D7981FFA9FE9}"
EndProject
Global
	GlobalSection(SolutionConfigurationPlatforms) = preSolution
		Debug|Any CPU = Debug|Any CPU
		Release|Any CPU = Release|Any CPU
	EndGlobalSection
	GlobalSection(ProjectConfigurationPlatforms) = postSolution
		{54D61983-996F-436E-A265-01C616099367}.Debug|Any CPU.ActiveCfg = Debug|Any CPU
		{54D61983-996F-436E-A265-01C616099367}.Debug|Any CPU.Build.0 = Debug|Any CPU
		{54D61983-996F-436E-A265-01C616099367}.Release|Any CPU.ActiveCfg = Release|Any CPU
		{54D61983-996F-436E-A265-01C616099367}.Release|Any CPU.Build.0 = Release|Any CPU
		{61AA97AF-A87A-4EB2-AF78-CB4067C80704}.Debug|Any CPU.ActiveCfg = Debug|Any CPU
		{61AA97AF-A87A-4EB2-AF78-CB4067C80704}.Debug|Any CPU.Build.0 = Debug|Any CPU
		{61AA97AF-A87A-4EB2-AF78-CB4067C80704}.Release|Any CPU.ActiveCfg = Release|Any CPU
		{61AA97AF-A87A-4EB2-AF78-CB4067C80704}.Release|Any CPU.Build.0 = Release|Any CPU
		{25D924E6-D62A-4F33-9CE4-2E09BA2A4FC2}.Debug|Any CPU.ActiveCfg = Debug|Any CPU
		{25D924E6-D62A-4F33-9CE4-2E09BA2A4FC2}.Debug|Any CPU.Build.0 = Debug|Any CPU
		{25D924E6-D62A-4F33-9CE4-2E09BA2A4FC2}.Release|Any CPU.ActiveCfg = Release|Any CPU
		{25D924E6-D62A-4F33-9CE4-2E09BA2A4FC2}.Release|Any CPU.Build.0 = Release|Any CPU
		{8DD165BA-78C3-48A0-BF61-9673458A260C}.Debug|Any CPU.ActiveCfg = Debug|Any CPU
		{8DD165BA-78C3-48A0-BF61-9673458A260C}.Debug|Any CPU.Build.0 = Debug|Any CPU
		{8DD165BA-78C3-48A0-BF61-9673458A260C}.Release|Any CPU.ActiveCfg = Release|Any CPU
		{8DD165BA-78C3-48A0-BF61-9673458A260C}.Release|Any CPU.Build.0 = Release|Any CPU
		{34D944CA-0276-4412-8387-58414E2F5631}.Debug|Any CPU.ActiveCfg = Debug|Any CPU
		{34D944CA-0276-4412-8387-58414E2F5631}.Debug|Any CPU.Build.0 = Debug|Any CPU
		{34D944CA-0276-4412-8387-58414E2F5631}.Release|Any CPU.ActiveCfg = Release|Any CPU
		{34D944CA-0276-4412-8387-58414E2F5631}.Release|Any CPU.Build.0 = Release|Any CPU
		{975D695D-1FD2-446F-BD7C-0F7839C1559D}.Debug|Any CPU.ActiveCfg = Debug|Any CPU
		{975D695D-1FD2-446F-BD7C-0F7839C1559D}.Debug|Any CPU.Build.0 = Debug|Any CPU
		{975D695D-1FD2-446F-BD7C-0F7839C1559D}.Release|Any CPU.ActiveCfg = Release|Any CPU
		{975D695D-1FD2-446F-BD7C-0F7839C1559D}.Release|Any CPU.Build.0 = Release|Any CPU
		{94A81B0E-6565-4BA1-A6CD-D55E7847D5FB}.Debug|Any CPU.ActiveCfg = Debug|Any CPU
		{94A81B0E-6565-4BA1-A6CD-D55E7847D5FB}.Debug|Any CPU.Build.0 = Debug|Any CPU
		{94A81B0E-6565-4BA1-A6CD-D55E7847D5FB}.Release|Any CPU.ActiveCfg = Release|Any CPU
		{94A81B0E-6565-4BA1-A6CD-D55E7847D5FB}.Release|Any CPU.Build.0 = Release|Any CPU
		{3C2B6DD0-CF97-4EA7-8565-A338892C0643}.Debug|Any CPU.ActiveCfg = Debug|Any CPU
		{3C2B6DD0-CF97-4EA7-8565-A338892C0643}.Debug|Any CPU.Build.0 = Debug|Any CPU
		{3C2B6DD0-CF97-4EA7-8565-A338892C0643}.Release|Any CPU.ActiveCfg = Release|Any CPU
		{3C2B6DD0-CF97-4EA7-8565-A338892C0643}.Release|Any CPU.Build.0 = Release|Any CPU
		{439C9C20-BE41-4AE1-83D0-13AF94114EDE}.Debug|Any CPU.ActiveCfg = Debug|Any CPU
		{439C9C20-BE41-4AE1-83D0-13AF94114EDE}.Debug|Any CPU.Build.0 = Debug|Any CPU
		{439C9C20-BE41-4AE1-83D0-13AF94114EDE}.Release|Any CPU.ActiveCfg = Release|Any CPU
		{439C9C20-BE41-4AE1-83D0-13AF94114EDE}.Release|Any CPU.Build.0 = Release|Any CPU
		{1A139874-D3ED-48F0-8AAF-B6390BAF0A23}.Debug|Any CPU.ActiveCfg = Debug|Any CPU
		{1A139874-D3ED-48F0-8AAF-B6390BAF0A23}.Debug|Any CPU.Build.0 = Debug|Any CPU
		{1A139874-D3ED-48F0-8AAF-B6390BAF0A23}.Release|Any CPU.ActiveCfg = Release|Any CPU
		{1A139874-D3ED-48F0-8AAF-B6390BAF0A23}.Release|Any CPU.Build.0 = Release|Any CPU
		{496B9723-31DD-4200-BA8A-437D20C6D004}.Debug|Any CPU.ActiveCfg = Debug|Any CPU
		{496B9723-31DD-4200-BA8A-437D20C6D004}.Debug|Any CPU.Build.0 = Debug|Any CPU
		{496B9723-31DD-4200-BA8A-437D20C6D004}.Release|Any CPU.ActiveCfg = Release|Any CPU
		{496B9723-31DD-4200-BA8A-437D20C6D004}.Release|Any CPU.Build.0 = Release|Any CPU
		{02A350A4-438C-4E8D-89D4-908825799EA5}.Debug|Any CPU.ActiveCfg = Debug|Any CPU
		{02A350A4-438C-4E8D-89D4-908825799EA5}.Debug|Any CPU.Build.0 = Debug|Any CPU
		{02A350A4-438C-4E8D-89D4-908825799EA5}.Release|Any CPU.ActiveCfg = Release|Any CPU
		{02A350A4-438C-4E8D-89D4-908825799EA5}.Release|Any CPU.Build.0 = Release|Any CPU
		{B2A64D01-93BD-4140-9744-12546BE61CE1}.Debug|Any CPU.ActiveCfg = Debug|Any CPU
		{B2A64D01-93BD-4140-9744-12546BE61CE1}.Debug|Any CPU.Build.0 = Debug|Any CPU
		{B2A64D01-93BD-4140-9744-12546BE61CE1}.Release|Any CPU.ActiveCfg = Release|Any CPU
		{B2A64D01-93BD-4140-9744-12546BE61CE1}.Release|Any CPU.Build.0 = Release|Any CPU
		{8710AB78-0F6B-40D4-9494-EE38CB6C5B0A}.Debug|Any CPU.ActiveCfg = Debug|Any CPU
		{8710AB78-0F6B-40D4-9494-EE38CB6C5B0A}.Debug|Any CPU.Build.0 = Debug|Any CPU
		{8710AB78-0F6B-40D4-9494-EE38CB6C5B0A}.Release|Any CPU.ActiveCfg = Release|Any CPU
		{8710AB78-0F6B-40D4-9494-EE38CB6C5B0A}.Release|Any CPU.Build.0 = Release|Any CPU
		{C1FF753C-41E2-4D68-A08C-687DC2365387}.Debug|Any CPU.ActiveCfg = Debug|Any CPU
		{C1FF753C-41E2-4D68-A08C-687DC2365387}.Debug|Any CPU.Build.0 = Debug|Any CPU
		{C1FF753C-41E2-4D68-A08C-687DC2365387}.Release|Any CPU.ActiveCfg = Release|Any CPU
		{C1FF753C-41E2-4D68-A08C-687DC2365387}.Release|Any CPU.Build.0 = Release|Any CPU
		{A56AF2CB-9DA7-4A69-9B8C-D72E36ED797C}.Debug|Any CPU.ActiveCfg = Debug|Any CPU
		{A56AF2CB-9DA7-4A69-9B8C-D72E36ED797C}.Debug|Any CPU.Build.0 = Debug|Any CPU
		{A56AF2CB-9DA7-4A69-9B8C-D72E36ED797C}.Release|Any CPU.ActiveCfg = Release|Any CPU
		{A56AF2CB-9DA7-4A69-9B8C-D72E36ED797C}.Release|Any CPU.Build.0 = Release|Any CPU
		{9A999DB7-1B31-4315-A597-3C75479BCD27}.Debug|Any CPU.ActiveCfg = Debug|Any CPU
		{9A999DB7-1B31-4315-A597-3C75479BCD27}.Debug|Any CPU.Build.0 = Debug|Any CPU
		{9A999DB7-1B31-4315-A597-3C75479BCD27}.Release|Any CPU.ActiveCfg = Release|Any CPU
		{9A999DB7-1B31-4315-A597-3C75479BCD27}.Release|Any CPU.Build.0 = Release|Any CPU
		{DF9B572F-6325-474B-8E54-010B65FEE22C}.Debug|Any CPU.ActiveCfg = Debug|Any CPU
		{DF9B572F-6325-474B-8E54-010B65FEE22C}.Debug|Any CPU.Build.0 = Debug|Any CPU
		{DF9B572F-6325-474B-8E54-010B65FEE22C}.Release|Any CPU.ActiveCfg = Release|Any CPU
		{DF9B572F-6325-474B-8E54-010B65FEE22C}.Release|Any CPU.Build.0 = Release|Any CPU
		{18E651B9-716A-42CB-AB83-58085F1B4B33}.Debug|Any CPU.ActiveCfg = Debug|Any CPU
		{18E651B9-716A-42CB-AB83-58085F1B4B33}.Debug|Any CPU.Build.0 = Debug|Any CPU
		{18E651B9-716A-42CB-AB83-58085F1B4B33}.Release|Any CPU.ActiveCfg = Release|Any CPU
		{18E651B9-716A-42CB-AB83-58085F1B4B33}.Release|Any CPU.Build.0 = Release|Any CPU
		{9B945FDE-E519-4822-8D74-E2C54DFEA731}.Debug|Any CPU.ActiveCfg = Debug|Any CPU
		{9B945FDE-E519-4822-8D74-E2C54DFEA731}.Debug|Any CPU.Build.0 = Debug|Any CPU
		{9B945FDE-E519-4822-8D74-E2C54DFEA731}.Release|Any CPU.ActiveCfg = Release|Any CPU
		{9B945FDE-E519-4822-8D74-E2C54DFEA731}.Release|Any CPU.Build.0 = Release|Any CPU
		{DCD5E402-9198-4AD5-8590-6F7F62794697}.Debug|Any CPU.ActiveCfg = Debug|Any CPU
		{DCD5E402-9198-4AD5-8590-6F7F62794697}.Debug|Any CPU.Build.0 = Debug|Any CPU
		{DCD5E402-9198-4AD5-8590-6F7F62794697}.Release|Any CPU.ActiveCfg = Release|Any CPU
		{DCD5E402-9198-4AD5-8590-6F7F62794697}.Release|Any CPU.Build.0 = Release|Any CPU
		{64FBFC9E-C9A4-46C6-84ED-6A8A811ECFBC}.Debug|Any CPU.ActiveCfg = Debug|Any CPU
		{64FBFC9E-C9A4-46C6-84ED-6A8A811ECFBC}.Debug|Any CPU.Build.0 = Debug|Any CPU
		{64FBFC9E-C9A4-46C6-84ED-6A8A811ECFBC}.Release|Any CPU.ActiveCfg = Release|Any CPU
		{64FBFC9E-C9A4-46C6-84ED-6A8A811ECFBC}.Release|Any CPU.Build.0 = Release|Any CPU
		{19F4732D-C007-4050-A754-8164A31C6F73}.Debug|Any CPU.ActiveCfg = Debug|Any CPU
		{19F4732D-C007-4050-A754-8164A31C6F73}.Debug|Any CPU.Build.0 = Debug|Any CPU
		{19F4732D-C007-4050-A754-8164A31C6F73}.Release|Any CPU.ActiveCfg = Release|Any CPU
		{19F4732D-C007-4050-A754-8164A31C6F73}.Release|Any CPU.Build.0 = Release|Any CPU
		{A76A253F-E01F-4E5B-80F0-DBBC8B257905}.Debug|Any CPU.ActiveCfg = Debug|Any CPU
		{A76A253F-E01F-4E5B-80F0-DBBC8B257905}.Debug|Any CPU.Build.0 = Debug|Any CPU
		{A76A253F-E01F-4E5B-80F0-DBBC8B257905}.Release|Any CPU.ActiveCfg = Release|Any CPU
		{A76A253F-E01F-4E5B-80F0-DBBC8B257905}.Release|Any CPU.Build.0 = Release|Any CPU
		{E3D293D2-FEF0-44CB-9CAF-D7981FFA9FE9}.Debug|Any CPU.ActiveCfg = Debug|Any CPU
		{E3D293D2-FEF0-44CB-9CAF-D7981FFA9FE9}.Debug|Any CPU.Build.0 = Debug|Any CPU
		{E3D293D2-FEF0-44CB-9CAF-D7981FFA9FE9}.Release|Any CPU.ActiveCfg = Release|Any CPU
		{E3D293D2-FEF0-44CB-9CAF-D7981FFA9FE9}.Release|Any CPU.Build.0 = Release|Any CPU
	EndGlobalSection
	GlobalSection(SolutionProperties) = preSolution
		HideSolutionNode = FALSE
	EndGlobalSection
	GlobalSection(NestedProjects) = preSolution
		{61AA97AF-A87A-4EB2-AF78-CB4067C80704} = {D30B53B7-FB6B-40C3-8E15-BED0B1B8FFE9}
		{25D924E6-D62A-4F33-9CE4-2E09BA2A4FC2} = {D30B53B7-FB6B-40C3-8E15-BED0B1B8FFE9}
		{8DD165BA-78C3-48A0-BF61-9673458A260C} = {D30B53B7-FB6B-40C3-8E15-BED0B1B8FFE9}
		{1A139874-D3ED-48F0-8AAF-B6390BAF0A23} = {D30B53B7-FB6B-40C3-8E15-BED0B1B8FFE9}
		{02A350A4-438C-4E8D-89D4-908825799EA5} = {D30B53B7-FB6B-40C3-8E15-BED0B1B8FFE9}
		{B2A64D01-93BD-4140-9744-12546BE61CE1} = {D30B53B7-FB6B-40C3-8E15-BED0B1B8FFE9}
		{8710AB78-0F6B-40D4-9494-EE38CB6C5B0A} = {2C2BFA30-8815-4269-AC92-DDE5589BD958}
		{C1FF753C-41E2-4D68-A08C-687DC2365387} = {D30B53B7-FB6B-40C3-8E15-BED0B1B8FFE9}
		{A56AF2CB-9DA7-4A69-9B8C-D72E36ED797C} = {2C2BFA30-8815-4269-AC92-DDE5589BD958}
		{9A999DB7-1B31-4315-A597-3C75479BCD27} = {D30B53B7-FB6B-40C3-8E15-BED0B1B8FFE9}
		{DF9B572F-6325-474B-8E54-010B65FEE22C} = {2C2BFA30-8815-4269-AC92-DDE5589BD958}
		{18E651B9-716A-42CB-AB83-58085F1B4B33} = {D30B53B7-FB6B-40C3-8E15-BED0B1B8FFE9}
		{9B945FDE-E519-4822-8D74-E2C54DFEA731} = {D30B53B7-FB6B-40C3-8E15-BED0B1B8FFE9}
		{DCD5E402-9198-4AD5-8590-6F7F62794697} = {D30B53B7-FB6B-40C3-8E15-BED0B1B8FFE9}
		{64FBFC9E-C9A4-46C6-84ED-6A8A811ECFBC} = {D30B53B7-FB6B-40C3-8E15-BED0B1B8FFE9}
		{19F4732D-C007-4050-A754-8164A31C6F73} = {D30B53B7-FB6B-40C3-8E15-BED0B1B8FFE9}
		{A76A253F-E01F-4E5B-80F0-DBBC8B257905} = {D30B53B7-FB6B-40C3-8E15-BED0B1B8FFE9}
		{E3D293D2-FEF0-44CB-9CAF-D7981FFA9FE9} = {D30B53B7-FB6B-40C3-8E15-BED0B1B8FFE9}
	EndGlobalSection
	GlobalSection(ExtensibilityGlobals) = postSolution
		SolutionGuid = {369B843F-38E3-4477-A766-F70718E83926}
	EndGlobalSection
EndGlobal
