
Microsoft Visual Studio Solution File, Format Version 12.00
# Visual Studio 15
VisualStudioVersion = 15.0.27703.2047
MinimumVisualStudioVersion = 10.0.40219.1
Project("{FAE04EC0-301F-11D3-BF4B-00C04F79EFBC}") = "ConsoleTools", "ConsoleTools\ConsoleTools.csproj", "{5A50AA3D-E14A-4E0C-BC6A-06AA1D6A5524}"
EndProject
Project("{FAE04EC0-301F-11D3-BF4B-00C04F79EFBC}") = "ConsoleTools.Tests", "ConsoleTools.Tests\ConsoleTools.Tests.csproj", "{54D61983-996F-436E-A265-01C616099367}"
EndProject
Project("{FAE04EC0-301F-11D3-BF4B-00C04F79EFBC}") = "ConsoleTools.Demo.Musical", "ConsoleTools.Demo.Musical\ConsoleTools.Demo.Musical.csproj", "{F4123F22-2503-4DDB-BF04-8CA87C3FACDA}"
EndProject
Project("{FAE04EC0-301F-11D3-BF4B-00C04F79EFBC}") = "ConsoleTools.Demo.GuardDemo", "ConsoleTools.Demo.Guard\ConsoleTools.Demo.GuardDemo.csproj", "{64FBFC9E-C9A4-46C6-84ED-6A8A811ECFBC}"
EndProject
Project("{FAE04EC0-301F-11D3-BF4B-00C04F79EFBC}") = "ConsoleTools.Demo.TabularData", "ConsoleTools.Demo.TabularData\ConsoleTools.Demo.TabularData.csproj", "{9EC116AF-EF51-49F4-BDB1-921DD586C7CE}"
EndProject
Project("{FAE04EC0-301F-11D3-BF4B-00C04F79EFBC}") = "ConsoleTools.Demo.PrompterDemo", "ConsoleTools.Demo.Prompter\ConsoleTools.Demo.PrompterDemo.csproj", "{A76A253F-E01F-4E5B-80F0-DBBC8B257905}"
EndProject
Project("{FAE04EC0-301F-11D3-BF4B-00C04F79EFBC}") = "ConsoleTools.Demo.InputControls", "ConsoleTools.Demo.InputControls\ConsoleTools.Demo.InputControls.csproj", "{61AA97AF-A87A-4EB2-AF78-CB4067C80704}"
EndProject
Project("{FAE04EC0-301F-11D3-BF4B-00C04F79EFBC}") = "ConsoleTools.Demo.WriteText", "ConsoleTools.Demo.WriteText\ConsoleTools.Demo.WriteText.csproj", "{8DD165BA-78C3-48A0-BF61-9673458A260C}"
EndProject
Project("{FAE04EC0-301F-11D3-BF4B-00C04F79EFBC}") = "ConsoleTools.Demo.TextMenu", "ConsoleTools.Demo.TextMenu\ConsoleTools.Demo.TextMenu.csproj", "{03611F6A-F799-4A07-8288-41BD4BD21C1A}"
EndProject
Project("{FAE04EC0-301F-11D3-BF4B-00C04F79EFBC}") = "ConsoleTools.Demo.SpinnerDemo", "ConsoleTools.Demo.Spinners\ConsoleTools.Demo.SpinnerDemo.csproj", "{47D36AC9-80A3-45C5-8DC4-DE804C21ABA9}"
EndProject
Project("{FAE04EC0-301F-11D3-BF4B-00C04F79EFBC}") = "ConsoleTools.Demo.PauseDemo", "ConsoleTools.Demo.Pause\ConsoleTools.Demo.PauseDemo.csproj", "{5D585EE9-4B5C-4199-9F05-439B80F6B411}"
EndProject
Project("{FAE04EC0-301F-11D3-BF4B-00C04F79EFBC}") = "ConsoleTools.Tutorial", "ConsoleTools.Tutorial\ConsoleTools.Tutorial.csproj", "{0E8603FB-7EEB-40A3-97C0-35F1D038111B}"
EndProject
Project("{FAE04EC0-301F-11D3-BF4B-00C04F79EFBC}") = "ConsoleTools.Demo.ProgressBar", "ConsoleTools.Demo.ProgressBar\ConsoleTools.Demo.ProgressBar.csproj", "{45AB806D-5DB0-4EE7-BDCE-CD32B4A313FF}"
EndProject
Project("{FAE04EC0-301F-11D3-BF4B-00C04F79EFBC}") = "ConsoleTools.Demo.ProgressBarDemo", "ConsoleTools.Demo.ProgressBarDemo\ConsoleTools.Demo.ProgressBarDemo.csproj", "{099E13DC-313B-4901-9B75-0F400F8E94A3}"
EndProject
Project("{FAE04EC0-301F-11D3-BF4B-00C04F79EFBC}") = "ConsoleTools.Demo.ScrollMenuDemo", "ConsoleTools.Demo.ScrollMenu\ConsoleTools.Demo.ScrollMenuDemo.csproj", "{25D924E6-D62A-4F33-9CE4-2E09BA2A4FC2}"
EndProject
Project("{FAE04EC0-301F-11D3-BF4B-00C04F79EFBC}") = "ConsoleTools.Demo.HorizontalLineDemo", "ConsoleTools.Demo.HorizontalLineDemo\ConsoleTools.Demo.HorizontalLineDemo.csproj", "{42ABE719-CA05-421F-99BC-5F5D2D0C385B}"
EndProject
Global
	GlobalSection(SolutionConfigurationPlatforms) = preSolution
		Debug|Any CPU = Debug|Any CPU
		Release|Any CPU = Release|Any CPU
		Release-Net45|Any CPU = Release-Net45|Any CPU
		Release-Net461|Any CPU = Release-Net461|Any CPU
	EndGlobalSection
	GlobalSection(ProjectConfigurationPlatforms) = postSolution
		{5A50AA3D-E14A-4E0C-BC6A-06AA1D6A5524}.Debug|Any CPU.ActiveCfg = Debug|Any CPU
		{5A50AA3D-E14A-4E0C-BC6A-06AA1D6A5524}.Debug|Any CPU.Build.0 = Debug|Any CPU
		{5A50AA3D-E14A-4E0C-BC6A-06AA1D6A5524}.Release|Any CPU.ActiveCfg = Release-Net461|Any CPU
		{5A50AA3D-E14A-4E0C-BC6A-06AA1D6A5524}.Release|Any CPU.Build.0 = Release-Net461|Any CPU
		{5A50AA3D-E14A-4E0C-BC6A-06AA1D6A5524}.Release-Net45|Any CPU.ActiveCfg = Release-Net45|Any CPU
		{5A50AA3D-E14A-4E0C-BC6A-06AA1D6A5524}.Release-Net45|Any CPU.Build.0 = Release-Net45|Any CPU
		{5A50AA3D-E14A-4E0C-BC6A-06AA1D6A5524}.Release-Net461|Any CPU.ActiveCfg = Release-Net461|Any CPU
		{5A50AA3D-E14A-4E0C-BC6A-06AA1D6A5524}.Release-Net461|Any CPU.Build.0 = Release-Net461|Any CPU
		{54D61983-996F-436E-A265-01C616099367}.Debug|Any CPU.ActiveCfg = Debug|Any CPU
		{54D61983-996F-436E-A265-01C616099367}.Debug|Any CPU.Build.0 = Debug|Any CPU
		{54D61983-996F-436E-A265-01C616099367}.Release|Any CPU.ActiveCfg = Release-Net461|Any CPU
		{54D61983-996F-436E-A265-01C616099367}.Release|Any CPU.Build.0 = Release-Net461|Any CPU
		{54D61983-996F-436E-A265-01C616099367}.Release-Net45|Any CPU.ActiveCfg = Release-Net45|Any CPU
		{54D61983-996F-436E-A265-01C616099367}.Release-Net45|Any CPU.Build.0 = Release-Net45|Any CPU
		{54D61983-996F-436E-A265-01C616099367}.Release-Net461|Any CPU.ActiveCfg = Release-Net461|Any CPU
		{54D61983-996F-436E-A265-01C616099367}.Release-Net461|Any CPU.Build.0 = Release-Net461|Any CPU
		{F4123F22-2503-4DDB-BF04-8CA87C3FACDA}.Debug|Any CPU.ActiveCfg = Debug|Any CPU
		{F4123F22-2503-4DDB-BF04-8CA87C3FACDA}.Debug|Any CPU.Build.0 = Debug|Any CPU
		{F4123F22-2503-4DDB-BF04-8CA87C3FACDA}.Release|Any CPU.ActiveCfg = Release-Net461|Any CPU
		{F4123F22-2503-4DDB-BF04-8CA87C3FACDA}.Release|Any CPU.Build.0 = Release-Net461|Any CPU
		{F4123F22-2503-4DDB-BF04-8CA87C3FACDA}.Release-Net45|Any CPU.ActiveCfg = Release-Net45|Any CPU
		{F4123F22-2503-4DDB-BF04-8CA87C3FACDA}.Release-Net45|Any CPU.Build.0 = Release-Net45|Any CPU
		{F4123F22-2503-4DDB-BF04-8CA87C3FACDA}.Release-Net461|Any CPU.ActiveCfg = Release-Net461|Any CPU
		{F4123F22-2503-4DDB-BF04-8CA87C3FACDA}.Release-Net461|Any CPU.Build.0 = Release-Net461|Any CPU
		{64FBFC9E-C9A4-46C6-84ED-6A8A811ECFBC}.Debug|Any CPU.ActiveCfg = Debug|Any CPU
		{64FBFC9E-C9A4-46C6-84ED-6A8A811ECFBC}.Debug|Any CPU.Build.0 = Debug|Any CPU
		{64FBFC9E-C9A4-46C6-84ED-6A8A811ECFBC}.Release|Any CPU.ActiveCfg = Release-Net461|Any CPU
		{64FBFC9E-C9A4-46C6-84ED-6A8A811ECFBC}.Release|Any CPU.Build.0 = Release-Net461|Any CPU
		{64FBFC9E-C9A4-46C6-84ED-6A8A811ECFBC}.Release-Net45|Any CPU.ActiveCfg = Release-Net45|Any CPU
		{64FBFC9E-C9A4-46C6-84ED-6A8A811ECFBC}.Release-Net45|Any CPU.Build.0 = Release-Net45|Any CPU
		{64FBFC9E-C9A4-46C6-84ED-6A8A811ECFBC}.Release-Net461|Any CPU.ActiveCfg = Release-Net461|Any CPU
		{64FBFC9E-C9A4-46C6-84ED-6A8A811ECFBC}.Release-Net461|Any CPU.Build.0 = Release-Net461|Any CPU
		{9EC116AF-EF51-49F4-BDB1-921DD586C7CE}.Debug|Any CPU.ActiveCfg = Debug|Any CPU
		{9EC116AF-EF51-49F4-BDB1-921DD586C7CE}.Debug|Any CPU.Build.0 = Debug|Any CPU
		{9EC116AF-EF51-49F4-BDB1-921DD586C7CE}.Release|Any CPU.ActiveCfg = Release-Net461|Any CPU
		{9EC116AF-EF51-49F4-BDB1-921DD586C7CE}.Release|Any CPU.Build.0 = Release-Net461|Any CPU
		{9EC116AF-EF51-49F4-BDB1-921DD586C7CE}.Release-Net45|Any CPU.ActiveCfg = Release-Net45|Any CPU
		{9EC116AF-EF51-49F4-BDB1-921DD586C7CE}.Release-Net45|Any CPU.Build.0 = Release-Net45|Any CPU
		{9EC116AF-EF51-49F4-BDB1-921DD586C7CE}.Release-Net461|Any CPU.ActiveCfg = Release-Net461|Any CPU
		{9EC116AF-EF51-49F4-BDB1-921DD586C7CE}.Release-Net461|Any CPU.Build.0 = Release-Net461|Any CPU
		{A76A253F-E01F-4E5B-80F0-DBBC8B257905}.Debug|Any CPU.ActiveCfg = Debug|Any CPU
		{A76A253F-E01F-4E5B-80F0-DBBC8B257905}.Debug|Any CPU.Build.0 = Debug|Any CPU
		{A76A253F-E01F-4E5B-80F0-DBBC8B257905}.Release|Any CPU.ActiveCfg = Release-Net461|Any CPU
		{A76A253F-E01F-4E5B-80F0-DBBC8B257905}.Release|Any CPU.Build.0 = Release-Net461|Any CPU
		{A76A253F-E01F-4E5B-80F0-DBBC8B257905}.Release-Net45|Any CPU.ActiveCfg = Release-Net45|Any CPU
		{A76A253F-E01F-4E5B-80F0-DBBC8B257905}.Release-Net45|Any CPU.Build.0 = Release-Net45|Any CPU
		{A76A253F-E01F-4E5B-80F0-DBBC8B257905}.Release-Net461|Any CPU.ActiveCfg = Release-Net461|Any CPU
		{A76A253F-E01F-4E5B-80F0-DBBC8B257905}.Release-Net461|Any CPU.Build.0 = Release-Net461|Any CPU
		{61AA97AF-A87A-4EB2-AF78-CB4067C80704}.Debug|Any CPU.ActiveCfg = Debug|Any CPU
		{61AA97AF-A87A-4EB2-AF78-CB4067C80704}.Debug|Any CPU.Build.0 = Debug|Any CPU
		{61AA97AF-A87A-4EB2-AF78-CB4067C80704}.Release|Any CPU.ActiveCfg = Release-Net461|Any CPU
		{61AA97AF-A87A-4EB2-AF78-CB4067C80704}.Release|Any CPU.Build.0 = Release-Net461|Any CPU
		{61AA97AF-A87A-4EB2-AF78-CB4067C80704}.Release-Net45|Any CPU.ActiveCfg = Release-Net45|Any CPU
		{61AA97AF-A87A-4EB2-AF78-CB4067C80704}.Release-Net45|Any CPU.Build.0 = Release-Net45|Any CPU
		{61AA97AF-A87A-4EB2-AF78-CB4067C80704}.Release-Net461|Any CPU.ActiveCfg = Release-Net461|Any CPU
		{61AA97AF-A87A-4EB2-AF78-CB4067C80704}.Release-Net461|Any CPU.Build.0 = Release-Net461|Any CPU
		{8DD165BA-78C3-48A0-BF61-9673458A260C}.Debug|Any CPU.ActiveCfg = Debug|Any CPU
		{8DD165BA-78C3-48A0-BF61-9673458A260C}.Debug|Any CPU.Build.0 = Debug|Any CPU
		{8DD165BA-78C3-48A0-BF61-9673458A260C}.Release|Any CPU.ActiveCfg = Release-Net461|Any CPU
		{8DD165BA-78C3-48A0-BF61-9673458A260C}.Release|Any CPU.Build.0 = Release-Net461|Any CPU
		{8DD165BA-78C3-48A0-BF61-9673458A260C}.Release-Net45|Any CPU.ActiveCfg = Release-Net45|Any CPU
		{8DD165BA-78C3-48A0-BF61-9673458A260C}.Release-Net45|Any CPU.Build.0 = Release-Net45|Any CPU
		{8DD165BA-78C3-48A0-BF61-9673458A260C}.Release-Net461|Any CPU.ActiveCfg = Release-Net461|Any CPU
		{8DD165BA-78C3-48A0-BF61-9673458A260C}.Release-Net461|Any CPU.Build.0 = Release-Net461|Any CPU
		{03611F6A-F799-4A07-8288-41BD4BD21C1A}.Debug|Any CPU.ActiveCfg = Debug|Any CPU
		{03611F6A-F799-4A07-8288-41BD4BD21C1A}.Debug|Any CPU.Build.0 = Debug|Any CPU
		{03611F6A-F799-4A07-8288-41BD4BD21C1A}.Release|Any CPU.ActiveCfg = Release-Net461|Any CPU
		{03611F6A-F799-4A07-8288-41BD4BD21C1A}.Release|Any CPU.Build.0 = Release-Net461|Any CPU
		{03611F6A-F799-4A07-8288-41BD4BD21C1A}.Release-Net45|Any CPU.ActiveCfg = Release-Net45|Any CPU
		{03611F6A-F799-4A07-8288-41BD4BD21C1A}.Release-Net45|Any CPU.Build.0 = Release-Net45|Any CPU
		{03611F6A-F799-4A07-8288-41BD4BD21C1A}.Release-Net461|Any CPU.ActiveCfg = Release-Net461|Any CPU
		{03611F6A-F799-4A07-8288-41BD4BD21C1A}.Release-Net461|Any CPU.Build.0 = Release-Net461|Any CPU
		{47D36AC9-80A3-45C5-8DC4-DE804C21ABA9}.Debug|Any CPU.ActiveCfg = Debug|Any CPU
		{47D36AC9-80A3-45C5-8DC4-DE804C21ABA9}.Debug|Any CPU.Build.0 = Debug|Any CPU
		{47D36AC9-80A3-45C5-8DC4-DE804C21ABA9}.Release|Any CPU.ActiveCfg = Release-Net461|Any CPU
		{47D36AC9-80A3-45C5-8DC4-DE804C21ABA9}.Release|Any CPU.Build.0 = Release-Net461|Any CPU
		{47D36AC9-80A3-45C5-8DC4-DE804C21ABA9}.Release-Net45|Any CPU.ActiveCfg = Release-Net45|Any CPU
		{47D36AC9-80A3-45C5-8DC4-DE804C21ABA9}.Release-Net45|Any CPU.Build.0 = Release-Net45|Any CPU
		{47D36AC9-80A3-45C5-8DC4-DE804C21ABA9}.Release-Net461|Any CPU.ActiveCfg = Release-Net461|Any CPU
		{47D36AC9-80A3-45C5-8DC4-DE804C21ABA9}.Release-Net461|Any CPU.Build.0 = Release-Net461|Any CPU
		{5D585EE9-4B5C-4199-9F05-439B80F6B411}.Debug|Any CPU.ActiveCfg = Debug|Any CPU
		{5D585EE9-4B5C-4199-9F05-439B80F6B411}.Debug|Any CPU.Build.0 = Debug|Any CPU
		{5D585EE9-4B5C-4199-9F05-439B80F6B411}.Release|Any CPU.ActiveCfg = Release-Net461|Any CPU
		{5D585EE9-4B5C-4199-9F05-439B80F6B411}.Release|Any CPU.Build.0 = Release-Net461|Any CPU
		{5D585EE9-4B5C-4199-9F05-439B80F6B411}.Release-Net45|Any CPU.ActiveCfg = Release-Net45|Any CPU
		{5D585EE9-4B5C-4199-9F05-439B80F6B411}.Release-Net45|Any CPU.Build.0 = Release-Net45|Any CPU
		{5D585EE9-4B5C-4199-9F05-439B80F6B411}.Release-Net461|Any CPU.ActiveCfg = Release-Net461|Any CPU
		{5D585EE9-4B5C-4199-9F05-439B80F6B411}.Release-Net461|Any CPU.Build.0 = Release-Net461|Any CPU
		{0E8603FB-7EEB-40A3-97C0-35F1D038111B}.Debug|Any CPU.ActiveCfg = Debug|Any CPU
		{0E8603FB-7EEB-40A3-97C0-35F1D038111B}.Debug|Any CPU.Build.0 = Debug|Any CPU
		{0E8603FB-7EEB-40A3-97C0-35F1D038111B}.Release|Any CPU.ActiveCfg = Release|Any CPU
		{0E8603FB-7EEB-40A3-97C0-35F1D038111B}.Release|Any CPU.Build.0 = Release|Any CPU
		{0E8603FB-7EEB-40A3-97C0-35F1D038111B}.Release-Net45|Any CPU.ActiveCfg = Release|Any CPU
		{0E8603FB-7EEB-40A3-97C0-35F1D038111B}.Release-Net45|Any CPU.Build.0 = Release|Any CPU
		{0E8603FB-7EEB-40A3-97C0-35F1D038111B}.Release-Net461|Any CPU.ActiveCfg = Release|Any CPU
		{0E8603FB-7EEB-40A3-97C0-35F1D038111B}.Release-Net461|Any CPU.Build.0 = Release|Any CPU
		{45AB806D-5DB0-4EE7-BDCE-CD32B4A313FF}.Debug|Any CPU.ActiveCfg = Debug|Any CPU
		{45AB806D-5DB0-4EE7-BDCE-CD32B4A313FF}.Debug|Any CPU.Build.0 = Debug|Any CPU
		{45AB806D-5DB0-4EE7-BDCE-CD32B4A313FF}.Release|Any CPU.ActiveCfg = Release-Net45|Any CPU
		{45AB806D-5DB0-4EE7-BDCE-CD32B4A313FF}.Release|Any CPU.Build.0 = Release-Net45|Any CPU
		{45AB806D-5DB0-4EE7-BDCE-CD32B4A313FF}.Release-Net45|Any CPU.ActiveCfg = Release-Net45|Any CPU
		{45AB806D-5DB0-4EE7-BDCE-CD32B4A313FF}.Release-Net45|Any CPU.Build.0 = Release-Net45|Any CPU
		{45AB806D-5DB0-4EE7-BDCE-CD32B4A313FF}.Release-Net461|Any CPU.ActiveCfg = Release-Net461|Any CPU
		{45AB806D-5DB0-4EE7-BDCE-CD32B4A313FF}.Release-Net461|Any CPU.Build.0 = Release-Net461|Any CPU
		{099E13DC-313B-4901-9B75-0F400F8E94A3}.Debug|Any CPU.ActiveCfg = Debug|Any CPU
		{099E13DC-313B-4901-9B75-0F400F8E94A3}.Debug|Any CPU.Build.0 = Debug|Any CPU
		{099E13DC-313B-4901-9B75-0F400F8E94A3}.Release|Any CPU.ActiveCfg = Release-Net45|Any CPU
		{099E13DC-313B-4901-9B75-0F400F8E94A3}.Release|Any CPU.Build.0 = Release-Net45|Any CPU
		{099E13DC-313B-4901-9B75-0F400F8E94A3}.Release-Net45|Any CPU.ActiveCfg = Release-Net45|Any CPU
		{099E13DC-313B-4901-9B75-0F400F8E94A3}.Release-Net45|Any CPU.Build.0 = Release-Net45|Any CPU
		{099E13DC-313B-4901-9B75-0F400F8E94A3}.Release-Net461|Any CPU.ActiveCfg = Release-Net461|Any CPU
		{099E13DC-313B-4901-9B75-0F400F8E94A3}.Release-Net461|Any CPU.Build.0 = Release-Net461|Any CPU
		{25D924E6-D62A-4F33-9CE4-2E09BA2A4FC2}.Debug|Any CPU.ActiveCfg = Debug|Any CPU
		{25D924E6-D62A-4F33-9CE4-2E09BA2A4FC2}.Debug|Any CPU.Build.0 = Debug|Any CPU
		{25D924E6-D62A-4F33-9CE4-2E09BA2A4FC2}.Release|Any CPU.ActiveCfg = Release-Net45|Any CPU
		{25D924E6-D62A-4F33-9CE4-2E09BA2A4FC2}.Release|Any CPU.Build.0 = Release-Net45|Any CPU
		{25D924E6-D62A-4F33-9CE4-2E09BA2A4FC2}.Release-Net45|Any CPU.ActiveCfg = Release-Net45|Any CPU
		{25D924E6-D62A-4F33-9CE4-2E09BA2A4FC2}.Release-Net45|Any CPU.Build.0 = Release-Net45|Any CPU
		{25D924E6-D62A-4F33-9CE4-2E09BA2A4FC2}.Release-Net461|Any CPU.ActiveCfg = Release-Net461|Any CPU
		{25D924E6-D62A-4F33-9CE4-2E09BA2A4FC2}.Release-Net461|Any CPU.Build.0 = Release-Net461|Any CPU
		{42ABE719-CA05-421F-99BC-5F5D2D0C385B}.Debug|Any CPU.ActiveCfg = Debug|Any CPU
		{42ABE719-CA05-421F-99BC-5F5D2D0C385B}.Debug|Any CPU.Build.0 = Debug|Any CPU
		{42ABE719-CA05-421F-99BC-5F5D2D0C385B}.Release|Any CPU.ActiveCfg = Release|Any CPU
		{42ABE719-CA05-421F-99BC-5F5D2D0C385B}.Release|Any CPU.Build.0 = Release|Any CPU
		{42ABE719-CA05-421F-99BC-5F5D2D0C385B}.Release-Net45|Any CPU.ActiveCfg = Release|Any CPU
		{42ABE719-CA05-421F-99BC-5F5D2D0C385B}.Release-Net45|Any CPU.Build.0 = Release|Any CPU
		{42ABE719-CA05-421F-99BC-5F5D2D0C385B}.Release-Net461|Any CPU.ActiveCfg = Release|Any CPU
		{42ABE719-CA05-421F-99BC-5F5D2D0C385B}.Release-Net461|Any CPU.Build.0 = Release|Any CPU
	EndGlobalSection
	GlobalSection(SolutionProperties) = preSolution
		HideSolutionNode = FALSE
	EndGlobalSection
	GlobalSection(ExtensibilityGlobals) = postSolution
		SolutionGuid = {369B843F-38E3-4477-A766-F70718E83926}
	EndGlobalSection
EndGlobal
